
Microsoft Visual Studio Solution File, Format Version 12.00
# Visual Studio Version 16
VisualStudioVersion = 16.0.29503.13
MinimumVisualStudioVersion = 10.0.40219.1
Project("{FAE04EC0-301F-11D3-BF4B-00C04F79EFBC}") = "mlaai-azure-functions-apim-functionApi-httpTrigger", "mlaai-azure-functions-apim-functionApi-httpTrigger.csproj", "{872F523E-E68A-49EF-BF21-3D1611107307}"
EndProject
Global
	GlobalSection(SolutionConfigurationPlatforms) = preSolution
		Debug|Any CPU = Debug|Any CPU
		Release|Any CPU = Release|Any CPU
	EndGlobalSection
	GlobalSection(ProjectConfigurationPlatforms) = postSolution
		{872F523E-E68A-49EF-BF21-3D1611107307}.Debug|Any CPU.ActiveCfg = Debug|Any CPU
		{872F523E-E68A-49EF-BF21-3D1611107307}.Debug|Any CPU.Build.0 = Debug|Any CPU
		{872F523E-E68A-49EF-BF21-3D1611107307}.Release|Any CPU.ActiveCfg = Release|Any CPU
		{872F523E-E68A-49EF-BF21-3D1611107307}.Release|Any CPU.Build.0 = Release|Any CPU
	EndGlobalSection
	GlobalSection(SolutionProperties) = preSolution
		HideSolutionNode = FALSE
	EndGlobalSection
	GlobalSection(ExtensibilityGlobals) = postSolution
		SolutionGuid = {343DB403-66FD-43E5-8F6B-8C2CAEFA962B}
	EndGlobalSection
EndGlobal
